
Microsoft Visual Studio Solution File, Format Version 12.00
# Visual Studio Version 16
VisualStudioVersion = 16.0.30804.86
MinimumVisualStudioVersion = 10.0.40219.1
Project("{FAE04EC0-301F-11D3-BF4B-00C04F79EFBC}") = "AntFarm", "AntFarm\AntFarm.csproj", "{388029B2-6E48-4551-81ED-FC5407834806}"
EndProject
Global
	GlobalSection(SolutionConfigurationPlatforms) = preSolution
		Debug|Any CPU = Debug|Any CPU
		Release|Any CPU = Release|Any CPU
	EndGlobalSection
	GlobalSection(ProjectConfigurationPlatforms) = postSolution
		{388029B2-6E48-4551-81ED-FC5407834806}.Debug|Any CPU.ActiveCfg = Debug|Any CPU
		{388029B2-6E48-4551-81ED-FC5407834806}.Debug|Any CPU.Build.0 = Debug|Any CPU
		{388029B2-6E48-4551-81ED-FC5407834806}.Release|Any CPU.ActiveCfg = Release|Any CPU
		{388029B2-6E48-4551-81ED-FC5407834806}.Release|Any CPU.Build.0 = Release|Any CPU
	EndGlobalSection
	GlobalSection(SolutionProperties) = preSolution
		HideSolutionNode = FALSE
	EndGlobalSection
	GlobalSection(ExtensibilityGlobals) = postSolution
		SolutionGuid = {08206986-F2B7-4EC2-83E2-B5B887CA343D}
	EndGlobalSection
EndGlobal
